<Solution>
  <Folder Name="/src/">
    <Project Path="src/Products.app/Products.app.csproj" />
    <Project Path="src/Shopping.app/Shopping.app.csproj" />
    <Project Path="src/Enterprise.app/Enterprise.app.csproj" />
    <Project Path="src/OrderSystem.app/OrderSystem.app.csproj" />
    <Project Path="src/PendingSystem.app/PendingSystem.app.csproj" />
  </Folder>
</Solution>
